
Microsoft Visual Studio Solution File, Format Version 12.00
# Visual Studio Version 17
VisualStudioVersion = 17.14.36623.8 d17.14
MinimumVisualStudioVersion = 10.0.40219.1
Project("{FAE04EC0-301F-11D3-BF4B-00C04F79EFBC}") = "1年後期課題", "1年後期課題\1年後期課題.csproj", "{A0BDC81B-86CA-4CDD-9415-E02942E38447}"
EndProject
Global
	GlobalSection(SolutionConfigurationPlatforms) = preSolution
		Debug|Any CPU = Debug|Any CPU
		Release|Any CPU = Release|Any CPU
	EndGlobalSection
	GlobalSection(ProjectConfigurationPlatforms) = postSolution
		{A0BDC81B-86CA-4CDD-9415-E02942E38447}.Debug|Any CPU.ActiveCfg = Debug|Any CPU
		{A0BDC81B-86CA-4CDD-9415-E02942E38447}.Debug|Any CPU.Build.0 = Debug|Any CPU
		{A0BDC81B-86CA-4CDD-9415-E02942E38447}.Release|Any CPU.ActiveCfg = Release|Any CPU
		{A0BDC81B-86CA-4CDD-9415-E02942E38447}.Release|Any CPU.Build.0 = Release|Any CPU
	EndGlobalSection
	GlobalSection(SolutionProperties) = preSolution
		HideSolutionNode = FALSE
	EndGlobalSection
	GlobalSection(ExtensibilityGlobals) = postSolution
		SolutionGuid = {C614A237-A7BD-4511-A78E-71A9D21D92B8}
	EndGlobalSection
EndGlobal
